# This file is autogenerated, do not edit; changes may be undone by the next 'dep ensure'.


[[projects]]
  branch = "master"
  name = "github.com/kimrgrey/go-telegram"
  packages = ["."]
  revision = "955a999278a20ed2ef0cb5a521a8680e15afe2f4"

[solve-meta]
  analyzer-name = "dep"
  analyzer-version = 1
  inputs-digest = "a02b272347d04e9a3f0e90db6965ab21f7d987dbbd7a8d705b761a3bd03d1a3c"
  solver-name = "gps-cdcl"
  solver-version = 1
